{"1.1.0",
[{<<"bear">>,
  {git,"git://github.com/boundary/bear.git",
       {ref,"119234548783af19b8ec75c879c5062676b92571"}},
  3},
 {<<"exometer_core">>,
  {git,"git://github.com/Feuerlabs/exometer_core.git",
       {ref,"09c2a9361c0295c977e441ef89382db964a64460"}},
  1},
 {<<"exometer_fs">>,
  {git,"https://github.com/erlang-mas/exometer-fs.git",
       {ref,"6161460c30e6bf86d8c9f737ba6e148bfb0aabee"}},
  0},
 {<<"folsom">>,
  {git,"git://github.com/folsom-project/folsom",
       {ref,"38e2cce7c64ce1f0a3a918d90394cfc0a940b1ba"}},
  2},
 {<<"goldrush">>,{pkg,<<"goldrush">>,<<"0.1.9">>},1},
 {<<"hut">>,
  {git,"git://github.com/tolbrino/hut.git",
       {ref,"025540398478ab6f95932c3234382ac5bb21ad3e"}},
  2},
 {<<"lager">>,{pkg,<<"lager">>,<<"3.2.4">>},0},
 {<<"meck">>,
  {git,"git://github.com/eproxus/meck.git",
       {ref,"70d6a33ce7407029dc59e22a5b3c1c61c1348b23"}},
  2},
 {<<"parse_trans">>,
  {git,"git://github.com/uwiger/parse_trans.git",
       {ref,"6f3645afb43c7c57d61b54ef59aecab288ce1013"}},
  2},
 {<<"setup">>,
  {git,"git://github.com/uwiger/setup.git",
       {ref,"e4a089f743505f1166e026c51989f041da7b2f6d"}},
  2}]}.
[
{pkg_hash,[
 {<<"goldrush">>, <<"F06E5D5F1277DA5C413E84D5A2924174182FB108DABB39D5EC548B27424CD106">>},
 {<<"lager">>, <<"A6DEB74DAE7927F46BD13255268308EF03EB206EC784A94EAF7C1C0F3B811615">>}]}
].
